Microsoft Visual Studio Solution File, Format Version 12.00
# Visual Studio 14
Project("{8BC9CEB8-8B4A-11D0-8D11-00A0C91BC942}") = "ALL_BUILD", "ALL_BUILD.vcxproj", "{5084C633-2D4C-336F-A9AA-0A8E6E9C7908}"
	ProjectSection(ProjectDependencies) = postProject
		{2FDFE951-EF96-33CD-AC49-AA104350A02D} = {2FDFE951-EF96-33CD-AC49-AA104350A02D}
		{F9DA9BCD-910D-31B3-82A6-57E45AE01D42} = {F9DA9BCD-910D-31B3-82A6-57E45AE01D42}
		{7FFDAD63-F838-3935-8362-D1FAB6C91485} = {7FFDAD63-F838-3935-8362-D1FAB6C91485}
		{A3125FED-1B67-3BB9-8C0E-D5182B6A0501} = {A3125FED-1B67-3BB9-8C0E-D5182B6A0501}
		{56552A62-0059-389D-85D6-00106A2A1819} = {56552A62-0059-389D-85D6-00106A2A1819}
		{7F1B8677-E80F-3A77-AB55-33A60347C6F4} = {7F1B8677-E80F-3A77-AB55-33A60347C6F4}
	EndProjectSection
EndProject
Project("{8BC9CEB8-8B4A-11D0-8D11-00A0C91BC942}") = "INSTALL", "INSTALL.vcxproj", "{9C51309D-86C3-3C78-A3D4-A0F93E099B7F}"
	ProjectSection(ProjectDependencies) = postProject
		{5084C633-2D4C-336F-A9AA-0A8E6E9C7908} = {5084C633-2D4C-336F-A9AA-0A8E6E9C7908}
		{2FDFE951-EF96-33CD-AC49-AA104350A02D} = {2FDFE951-EF96-33CD-AC49-AA104350A02D}
	EndProjectSection
EndProject
Project("{8BC9CEB8-8B4A-11D0-8D11-00A0C91BC942}") = "ZERO_CHECK", "ZERO_CHECK.vcxproj", "{2FDFE951-EF96-33CD-AC49-AA104350A02D}"
	ProjectSection(ProjectDependencies) = postProject
	EndProjectSection
EndProject
Project("{8BC9CEB8-8B4A-11D0-8D11-00A0C91BC942}") = "js_embed", "js_embed.vcxproj", "{F9DA9BCD-910D-31B3-82A6-57E45AE01D42}"
	ProjectSection(ProjectDependencies) = postProject
		{2FDFE951-EF96-33CD-AC49-AA104350A02D} = {2FDFE951-EF96-33CD-AC49-AA104350A02D}
	EndProjectSection
EndProject
Project("{8BC9CEB8-8B4A-11D0-8D11-00A0C91BC942}") = "libprotobuf", "libprotobuf.vcxproj", "{7FFDAD63-F838-3935-8362-D1FAB6C91485}"
	ProjectSection(ProjectDependencies) = postProject
		{2FDFE951-EF96-33CD-AC49-AA104350A02D} = {2FDFE951-EF96-33CD-AC49-AA104350A02D}
	EndProjectSection
EndProject
Project("{8BC9CEB8-8B4A-11D0-8D11-00A0C91BC942}") = "libprotobuf-lite", "libprotobuf-lite.vcxproj", "{A3125FED-1B67-3BB9-8C0E-D5182B6A0501}"
	ProjectSection(ProjectDependencies) = postProject
		{2FDFE951-EF96-33CD-AC49-AA104350A02D} = {2FDFE951-EF96-33CD-AC49-AA104350A02D}
	EndProjectSection
EndProject
Project("{8BC9CEB8-8B4A-11D0-8D11-00A0C91BC942}") = "libprotoc", "libprotoc.vcxproj", "{56552A62-0059-389D-85D6-00106A2A1819}"
	ProjectSection(ProjectDependencies) = postProject
		{2FDFE951-EF96-33CD-AC49-AA104350A02D} = {2FDFE951-EF96-33CD-AC49-AA104350A02D}
		{F9DA9BCD-910D-31B3-82A6-57E45AE01D42} = {F9DA9BCD-910D-31B3-82A6-57E45AE01D42}
		{7FFDAD63-F838-3935-8362-D1FAB6C91485} = {7FFDAD63-F838-3935-8362-D1FAB6C91485}
	EndProjectSection
EndProject
Project("{8BC9CEB8-8B4A-11D0-8D11-00A0C91BC942}") = "protoc", "protoc.vcxproj", "{7F1B8677-E80F-3A77-AB55-33A60347C6F4}"
	ProjectSection(ProjectDependencies) = postProject
		{2FDFE951-EF96-33CD-AC49-AA104350A02D} = {2FDFE951-EF96-33CD-AC49-AA104350A02D}
		{7FFDAD63-F838-3935-8362-D1FAB6C91485} = {7FFDAD63-F838-3935-8362-D1FAB6C91485}
		{56552A62-0059-389D-85D6-00106A2A1819} = {56552A62-0059-389D-85D6-00106A2A1819}
	EndProjectSection
EndProject
Global
	GlobalSection(SolutionConfigurationPlatforms) = preSolution
		Debug|Win32 = Debug|Win32
		Release|Win32 = Release|Win32
		MinSizeRel|Win32 = MinSizeRel|Win32
		RelWithDebInfo|Win32 = RelWithDebInfo|Win32
	EndGlobalSection
	GlobalSection(ProjectConfigurationPlatforms) = postSolution
		{5084C633-2D4C-336F-A9AA-0A8E6E9C7908}.Debug|Win32.ActiveCfg = Debug|Win32
		{5084C633-2D4C-336F-A9AA-0A8E6E9C7908}.Debug|Win32.Build.0 = Debug|Win32
		{5084C633-2D4C-336F-A9AA-0A8E6E9C7908}.Release|Win32.ActiveCfg = Release|Win32
		{5084C633-2D4C-336F-A9AA-0A8E6E9C7908}.Release|Win32.Build.0 = Release|Win32
		{5084C633-2D4C-336F-A9AA-0A8E6E9C7908}.MinSizeRel|Win32.ActiveCfg = MinSizeRel|Win32
		{5084C633-2D4C-336F-A9AA-0A8E6E9C7908}.MinSizeRel|Win32.Build.0 = MinSizeRel|Win32
		{5084C633-2D4C-336F-A9AA-0A8E6E9C7908}.RelWithDebInfo|Win32.ActiveCfg = RelWithDebInfo|Win32
		{5084C633-2D4C-336F-A9AA-0A8E6E9C7908}.RelWithDebInfo|Win32.Build.0 = RelWithDebInfo|Win32
		{9C51309D-86C3-3C78-A3D4-A0F93E099B7F}.Debug|Win32.ActiveCfg = Debug|Win32
		{9C51309D-86C3-3C78-A3D4-A0F93E099B7F}.Release|Win32.ActiveCfg = Release|Win32
		{9C51309D-86C3-3C78-A3D4-A0F93E099B7F}.MinSizeRel|Win32.ActiveCfg = MinSizeRel|Win32
		{9C51309D-86C3-3C78-A3D4-A0F93E099B7F}.RelWithDebInfo|Win32.ActiveCfg = RelWithDebInfo|Win32
		{2FDFE951-EF96-33CD-AC49-AA104350A02D}.Debug|Win32.ActiveCfg = Debug|Win32
		{2FDFE951-EF96-33CD-AC49-AA104350A02D}.Debug|Win32.Build.0 = Debug|Win32
		{2FDFE951-EF96-33CD-AC49-AA104350A02D}.Release|Win32.ActiveCfg = Release|Win32
		{2FDFE951-EF96-33CD-AC49-AA104350A02D}.Release|Win32.Build.0 = Release|Win32
		{2FDFE951-EF96-33CD-AC49-AA104350A02D}.MinSizeRel|Win32.ActiveCfg = MinSizeRel|Win32
		{2FDFE951-EF96-33CD-AC49-AA104350A02D}.MinSizeRel|Win32.Build.0 = MinSizeRel|Win32
		{2FDFE951-EF96-33CD-AC49-AA104350A02D}.RelWithDebInfo|Win32.ActiveCfg = RelWithDebInfo|Win32
		{2FDFE951-EF96-33CD-AC49-AA104350A02D}.RelWithDebInfo|Win32.Build.0 = RelWithDebInfo|Win32
		{F9DA9BCD-910D-31B3-82A6-57E45AE01D42}.Debug|Win32.ActiveCfg = Debug|Win32
		{F9DA9BCD-910D-31B3-82A6-57E45AE01D42}.Debug|Win32.Build.0 = Debug|Win32
		{F9DA9BCD-910D-31B3-82A6-57E45AE01D42}.Release|Win32.ActiveCfg = Release|Win32
		{F9DA9BCD-910D-31B3-82A6-57E45AE01D42}.Release|Win32.Build.0 = Release|Win32
		{F9DA9BCD-910D-31B3-82A6-57E45AE01D42}.MinSizeRel|Win32.ActiveCfg = MinSizeRel|Win32
		{F9DA9BCD-910D-31B3-82A6-57E45AE01D42}.MinSizeRel|Win32.Build.0 = MinSizeRel|Win32
		{F9DA9BCD-910D-31B3-82A6-57E45AE01D42}.RelWithDebInfo|Win32.ActiveCfg = RelWithDebInfo|Win32
		{F9DA9BCD-910D-31B3-82A6-57E45AE01D42}.RelWithDebInfo|Win32.Build.0 = RelWithDebInfo|Win32
		{7FFDAD63-F838-3935-8362-D1FAB6C91485}.Debug|Win32.ActiveCfg = Debug|Win32
		{7FFDAD63-F838-3935-8362-D1FAB6C91485}.Debug|Win32.Build.0 = Debug|Win32
		{7FFDAD63-F838-3935-8362-D1FAB6C91485}.Release|Win32.ActiveCfg = Release|Win32
		{7FFDAD63-F838-3935-8362-D1FAB6C91485}.Release|Win32.Build.0 = Release|Win32
		{7FFDAD63-F838-3935-8362-D1FAB6C91485}.MinSizeRel|Win32.ActiveCfg = MinSizeRel|Win32
		{7FFDAD63-F838-3935-8362-D1FAB6C91485}.MinSizeRel|Win32.Build.0 = MinSizeRel|Win32
		{7FFDAD63-F838-3935-8362-D1FAB6C91485}.RelWithDebInfo|Win32.ActiveCfg = RelWithDebInfo|Win32
		{7FFDAD63-F838-3935-8362-D1FAB6C91485}.RelWithDebInfo|Win32.Build.0 = RelWithDebInfo|Win32
		{A3125FED-1B67-3BB9-8C0E-D5182B6A0501}.Debug|Win32.ActiveCfg = Debug|Win32
		{A3125FED-1B67-3BB9-8C0E-D5182B6A0501}.Debug|Win32.Build.0 = Debug|Win32
		{A3125FED-1B67-3BB9-8C0E-D5182B6A0501}.Release|Win32.ActiveCfg = Release|Win32
		{A3125FED-1B67-3BB9-8C0E-D5182B6A0501}.Release|Win32.Build.0 = Release|Win32
		{A3125FED-1B67-3BB9-8C0E-D5182B6A0501}.MinSizeRel|Win32.ActiveCfg = MinSizeRel|Win32
		{A3125FED-1B67-3BB9-8C0E-D5182B6A0501}.MinSizeRel|Win32.Build.0 = MinSizeRel|Win32
		{A3125FED-1B67-3BB9-8C0E-D5182B6A0501}.RelWithDebInfo|Win32.ActiveCfg = RelWithDebInfo|Win32
		{A3125FED-1B67-3BB9-8C0E-D5182B6A0501}.RelWithDebInfo|Win32.Build.0 = RelWithDebInfo|Win32
		{56552A62-0059-389D-85D6-00106A2A1819}.Debug|Win32.ActiveCfg = Debug|Win32
		{56552A62-0059-389D-85D6-00106A2A1819}.Debug|Win32.Build.0 = Debug|Win32
		{56552A62-0059-389D-85D6-00106A2A1819}.Release|Win32.ActiveCfg = Release|Win32
		{56552A62-0059-389D-85D6-00106A2A1819}.Release|Win32.Build.0 = Release|Win32
		{56552A62-0059-389D-85D6-00106A2A1819}.MinSizeRel|Win32.ActiveCfg = MinSizeRel|Win32
		{56552A62-0059-389D-85D6-00106A2A1819}.MinSizeRel|Win32.Build.0 = MinSizeRel|Win32
		{56552A62-0059-389D-85D6-00106A2A1819}.RelWithDebInfo|Win32.ActiveCfg = RelWithDebInfo|Win32
		{56552A62-0059-389D-85D6-00106A2A1819}.RelWithDebInfo|Win32.Build.0 = RelWithDebInfo|Win32
		{7F1B8677-E80F-3A77-AB55-33A60347C6F4}.Debug|Win32.ActiveCfg = Debug|Win32
		{7F1B8677-E80F-3A77-AB55-33A60347C6F4}.Debug|Win32.Build.0 = Debug|Win32
		{7F1B8677-E80F-3A77-AB55-33A60347C6F4}.Release|Win32.ActiveCfg = Release|Win32
		{7F1B8677-E80F-3A77-AB55-33A60347C6F4}.Release|Win32.Build.0 = Release|Win32
		{7F1B8677-E80F-3A77-AB55-33A60347C6F4}.MinSizeRel|Win32.ActiveCfg = MinSizeRel|Win32
		{7F1B8677-E80F-3A77-AB55-33A60347C6F4}.MinSizeRel|Win32.Build.0 = MinSizeRel|Win32
		{7F1B8677-E80F-3A77-AB55-33A60347C6F4}.RelWithDebInfo|Win32.ActiveCfg = RelWithDebInfo|Win32
		{7F1B8677-E80F-3A77-AB55-33A60347C6F4}.RelWithDebInfo|Win32.Build.0 = RelWithDebInfo|Win32
	EndGlobalSection
	GlobalSection(ExtensibilityGlobals) = postSolution
		SolutionGuid = {56472025-9C2B-3A44-A9D1-6457602981DF}
	EndGlobalSection
	GlobalSection(ExtensibilityAddIns) = postSolution
	EndGlobalSection
EndGlobal
